
Microsoft Visual Studio Solution File, Format Version 12.00
# Visual Studio Version 17
VisualStudioVersion = 17.5.002.0
MinimumVisualStudioVersion = 10.0.40219.1
Project("{9A19103F-16F7-4668-BE54-9A1E7A4F7556}") = "Itogovay_Rabota", "Itogovay_Rabota.csproj", "{B215A0F8-AC5B-4091-B182-159ACEADDBB6}"
EndProject
Global
	GlobalSection(SolutionConfigurationPlatforms) = preSolution
		Debug|Any CPU = Debug|Any CPU
		Release|Any CPU = Release|Any CPU
	EndGlobalSection
	GlobalSection(ProjectConfigurationPlatforms) = postSolution
		{B215A0F8-AC5B-4091-B182-159ACEADDBB6}.Debug|Any CPU.ActiveCfg = Debug|Any CPU
		{B215A0F8-AC5B-4091-B182-159ACEADDBB6}.Debug|Any CPU.Build.0 = Debug|Any CPU
		{B215A0F8-AC5B-4091-B182-159ACEADDBB6}.Release|Any CPU.ActiveCfg = Release|Any CPU
		{B215A0F8-AC5B-4091-B182-159ACEADDBB6}.Release|Any CPU.Build.0 = Release|Any CPU
	EndGlobalSection
	GlobalSection(SolutionProperties) = preSolution
		HideSolutionNode = FALSE
	EndGlobalSection
	GlobalSection(ExtensibilityGlobals) = postSolution
		SolutionGuid = {E911D883-C879-4840-9809-442BBDF0F9A5}
	EndGlobalSection
EndGlobal
